{
    "_meta": {
        "hash": {
            "sha256": "bc58a28c55417312b2a97827225074c4e4217e25c809997548110f419e006c64"
        },
        "pipfile-spec": 6,
        "requires": {
            "python_version": "3.7"
        },
        "sources": [
            {
                "name": "pypi",
                "url": "https://pypi.org/simple",
                "verify_ssl": true
            }
        ]
    },
    "default": {
        "appdirs": {
            "hashes": [
                "sha256:9e5896d1372858f8dd3344faf4e5014d21849c756c8d5701f78f8a103b372d92",
                "sha256:d8b24664561d0d34ddfaec54636d502d7cea6e29c3eaf68f3df6180863e2166e"
            ],
            "version": "==1.4.3"
        },
        "attrs": {
            "hashes": [
                "sha256:08a96c641c3a74e44eb59afb61a24f2cb9f4d7188748e76ba4bb5edfa3cb7d1c",
                "sha256:f7b7ce16570fe9965acd6d30101a28f62fb4a7f9e926b3bbc9b61f8b04247e72"
            ],
            "version": "==19.3.0"
        },
        "black": {
            "hashes": [
                "sha256:0126ae5b7c09957da2bdbd91a9ba1207453feada9e9fe51992848658c6c8e01c",
                "sha256:0f76ff19ec5297dd8e66eb64deda23631e642c9393ab592826fd4bdc97a4bce7",
                "sha256:28ef38aee69e4b12fda8dba75e21f9b4f979b490c8ac0baa7cb505369ac9e1ff",
                "sha256:2bd5aa94fc267d38bb21a70d7410a89f1a1d318841855f698746f8e7f51acd1b",
                "sha256:2c50f5063a9641c7eed7795014ba37b0f5fa227f3d408b968936e24bc0566b07",
                "sha256:2d6bfaf7fd0993b420bed691f20f9492d53ce9a2bcccea4b797d34e947318a78",
                "sha256:41cd2012d35b47d589cb8a16faf8a32ef7a336f56356babd9fcf70939ad1897f",
                "sha256:474c27574d6d7037c1bc875a81d9be0a9a4f9ee95e62800dab3cfaadbf75acd5",
                "sha256:5602bdb96d52d2d0672f24f6ffe5218795736dd34807fd0fd55ccd6bf206168b",
                "sha256:5e9d0d86df21f2e1677cc4bd090cd0e446278bcbbe49bf3659c308c3e402843e",
                "sha256:5ed0ca58586c8d9a487352a96b15272b7fa55d139fc8496b519e78023a8dab0a",
                "sha256:6c54a4a82e291a1fee5137371ab488866b7c86a3305af4026bdd4dc78642e1ac",
                "sha256:6e131579c243c98f35bce64a7e08e87fb2d610544754675d4a0e73a070a5aa3a",
                "sha256:855822d90f884905362f602880ed8b5df1b7e3ee7d0db2502d4388a954cc8c54",
                "sha256:86a8b5035fce64f5dcd1b794cf8ec4d31fe458cf6ce3986a30deb434df82a1d2",
                "sha256:8a33d657f3276328ce00e4d37fe70361e1ec7614da5d7b6e78de5426cb56332f",
                "sha256:92c0ec1f2cc149551a2b7b47efc32c866406b6891b0ee4625e95967c8f4acfb1",
                "sha256:9a5e9f45e5d5e1c5b5c29b3bd4265dcc90e8b92cf4534520896ed77f791f4da5",
                "sha256:afc622538b430aa4c8c853f7f63bc582b3b8030fd8c80b70fb5fa5b834e575c2",
                "sha256:b07fc0dab849d24a80a29cfab8d8a19187d1c4685d8a5e6385a5ce323c1f015f",
                "sha256:b5e6f89631eb88a7302d416594a32faeee9fb8fb848290da9d0a5f2903519fc1",
                "sha256:bf9bf162ed91a26f1adba8efda0b573bc6924ec1408a52cc6f82cb73ec2b142c",
                "sha256:c7e72339f841b5a237ff14f7d3880ddd0fc7f98a1199e8c4327f9a4f478c1839",
                "sha256:ddb113db38838eb9f043623ba274cfaf7d51d5b0c22ecb30afe58b1bb8322983",
                "sha256:dfdd51fc3e64ea4f35873d1b3fb25326773d55d2329ff8449139ebaad7357efb",
                "sha256:f1cd08e99d2f9317292a311dfe578fd2a24b15dbce97792f9c4d752275c1fa56",
                "sha256:f89f2ab047c76a9c03f78d0d66ca519e389519902fa27e7a91117ef7611c0568"
            ],
            "index": "pypi",
            "markers": "python_version >= '3.10'",
            "version": "==26.3.1"
        },
        "click": {
            "hashes": [
                "sha256:12ff4785d337a1bb490bb7e9c2b1ee5da3112e94a8622f26a6c77f5d2fc6842a",
                "sha256:981153a64e25f12d547d3426c367a4857371575ee7ad18df2a6183ab0545b2a6"
            ],
            "markers": "python_version >= '3.10'",
            "version": "==8.3.1"
        },
        "mypy": {
            "hashes": [
                "sha256:0308c35fd16c96a81b8dfc4d09ec63b8fa607cfec087acf5aafb44c2c45197de",
                "sha256:39f7be2f89668d21b2bbab45ce5aa15e69bf8d6f3b46f9e1cc1a88e4fcc84f3d",
                "sha256:4223f576813c79a10d0fd14192c86f1b85e3bd235c93792f22ed811a20b5ee4e",
                "sha256:4c8f812a2fbefa96185933fbe05aa035e9cf791cf3a23bbdb6a219c80b60e0b1",
                "sha256:4ea9ee847ea5bb38ea275441f3aea7eeba1b96187a3f968ee359d33d9dcc0eda",
                "sha256:573c68df69f0e399fa57866a0b72989acf0a56c4008eee59c789c2ca5ea9df03",
                "sha256:588c0e38466306aa7dbe6522ceacf37dde8b13cfa5edde90be2ce382f078875f",
                "sha256:6d1bd2e675823a19e6bf72149540ab9851bfe698b796aea698fb926ab2bedd02",
                "sha256:aa8e3bd1540dd5c39ef580ec2146a9c99c45f7c62af890095fec9e87b5ca19fb",
                "sha256:b978ba1ea90d0abe2fc720ec9a41824b7d3a1304569bd58c9038d8d61dc4dfdb",
                "sha256:c85c5367c2e8247e06cc0aba84e3633e90f48e8a0677bc51b351e138b5ff80b1",
                "sha256:ce69577b424058bfa177df27213869f37c1e964c3e1ebd3b3d54f1d10b234c4d",
                "sha256:ec6eaf98a57624d96d9916352a5bad2d73959f6358fabf43838f7d1a4d2f8389"
            ],
            "index": "pypi",
            "version": "==0.760"
        },
        "mypy-extensions": {
            "hashes": [
                "sha256:1be4cccdb0f2482337c4743e60421de3a356cd97508abadd57d47403e94f5505",
                "sha256:52e68efc3284861e772bbcd66823fde5ae21fd2fdb51c62a211403730b916558"
            ],
            "markers": "python_version >= '3.8'",
            "version": "==1.1.0"
        },
        "packaging": {
            "hashes": [
                "sha256:00243ae351a257117b6a241061796684b084ed1c516a08c48a3f7e147a9d80b4",
                "sha256:b36f1fef9334a5588b4166f8bcd26a14e521f2b55e6b9de3aaa80d3ff7a37529"
            ],
            "markers": "python_version >= '3.8'",
            "version": "==26.0"
        },
        "pathspec": {
            "hashes": [
                "sha256:0210e2ae8a21a9137c0d470578cb0e595af87edaa6ebf12ff176f14a02e0e645",
                "sha256:fb6ae2fd4e7c921a165808a552060e722767cfa526f99ca5156ed2ce45a5c723"
            ],
            "markers": "python_version >= '3.9'",
            "version": "==1.0.4"
        },
        "platformdirs": {
            "hashes": [
                "sha256:1ec356301b7dc906d83f371c8f487070e99d3ccf9e501686456394622a01a934",
                "sha256:68a9a4619a666ea6439f2ff250c12a853cd1cbd5158d258bd824a7df6be2f868"
            ],
            "markers": "python_version >= '3.10'",
            "version": "==4.9.4"
        },
        "pytokens": {
            "hashes": [
                "sha256:0fc71786e629cef478cbf29d7ea1923299181d0699dbe7c3c0f4a583811d9fc1",
                "sha256:11edda0942da80ff58c4408407616a310adecae1ddd22eef8c692fe266fa5009",
                "sha256:140709331e846b728475786df8aeb27d24f48cbcf7bcd449f8de75cae7a45083",
                "sha256:24afde1f53d95348b5a0eb19488661147285ca4dd7ed752bbc3e1c6242a304d1",
                "sha256:26cef14744a8385f35d0e095dc8b3a7583f6c953c2e3d269c7f82484bf5ad2de",
                "sha256:27b83ad28825978742beef057bfe406ad6ed524b2d28c252c5de7b4a6dd48fa2",
                "sha256:292052fe80923aae2260c073f822ceba21f3872ced9a68bb7953b348e561179a",
                "sha256:29d1d8fb1030af4d231789959f21821ab6325e463f0503a61d204343c9b355d1",
                "sha256:2a44ed93ea23415c54f3face3b65ef2b844d96aeb3455b8a69b3df6beab6acc5",
                "sha256:30f51edd9bb7f85c748979384165601d028b84f7bd13fe14d3e065304093916a",
                "sha256:34bcc734bd2f2d5fe3b34e7b3c0116bfb2397f2d9666139988e7a3eb5f7400e3",
                "sha256:3ad72b851e781478366288743198101e5eb34a414f1d5627cdd585ca3b25f1db",
                "sha256:3f901fe783e06e48e8cbdc82d631fca8f118333798193e026a50ce1b3757ea68",
                "sha256:42f144f3aafa5d92bad964d471a581651e28b24434d184871bd02e3a0d956037",
                "sha256:4a14d5f5fc78ce85e426aa159489e2d5961acf0e47575e08f35584009178e321",
                "sha256:4a58d057208cb9075c144950d789511220b07636dd2e4708d5645d24de666bdc",
                "sha256:4e691d7f5186bd2842c14813f79f8884bb03f5995f0575272009982c5ac6c0f7",
                "sha256:5502408cab1cb18e128570f8d598981c68a50d0cbd7c61312a90507cd3a1276f",
                "sha256:584c80c24b078eec1e227079d56dc22ff755e0ba8654d8383b2c549107528918",
                "sha256:5ad948d085ed6c16413eb5fec6b3e02fa00dc29a2534f088d3302c47eb59adf9",
                "sha256:670d286910b531c7b7e3c0b453fd8156f250adb140146d234a82219459b9640c",
                "sha256:682fa37ff4d8e95f7df6fe6fe6a431e8ed8e788023c6bcc0f0880a12eab80ad1",
                "sha256:6d6c4268598f762bc8e91f5dbf2ab2f61f7b95bdc07953b602db879b3c8c18e1",
                "sha256:79fc6b8699564e1f9b521582c35435f1bd32dd06822322ec44afdeba666d8cb3",
                "sha256:8bdb9d0ce90cbf99c525e75a2fa415144fd570a1ba987380190e8b786bc6ef9b",
                "sha256:8fcb9ba3709ff77e77f1c7022ff11d13553f3c30299a9fe246a166903e9091eb",
                "sha256:941d4343bf27b605e9213b26bfa1c4bf197c9c599a9627eb7305b0defcfe40c1",
                "sha256:967cf6e3fd4adf7de8fc73cd3043754ae79c36475c1c11d514fc72cf5490094a",
                "sha256:970b08dd6b86058b6dc07efe9e98414f5102974716232d10f32ff39701e841c4",
                "sha256:97f50fd18543be72da51dd505e2ed20d2228c74e0464e4262e4899797803d7fa",
                "sha256:9bd7d7f544d362576be74f9d5901a22f317efc20046efe2034dced238cbbfe78",
                "sha256:add8bf86b71a5d9fb5b89f023a80b791e04fba57960aa790cc6125f7f1d39dfe",
                "sha256:b35d7e5ad269804f6697727702da3c517bb8a5228afa450ab0fa787732055fc9",
                "sha256:b49750419d300e2b5a3813cf229d4e5a4c728dae470bcc89867a9ad6f25a722d",
                "sha256:d31b97b3de0f61571a124a00ffe9a81fb9939146c122c11060725bd5aea79975",
                "sha256:d70e77c55ae8380c91c0c18dea05951482e263982911fc7410b1ffd1dadd3440",
                "sha256:d9907d61f15bf7261d7e775bd5d7ee4d2930e04424bab1972591918497623a16",
                "sha256:da5baeaf7116dced9c6bb76dc31ba04a2dc3695f3d9f74741d7910122b456edc",
                "sha256:dc74c035f9bfca0255c1af77ddd2d6ae8419012805453e4b0e7513e17904545d",
                "sha256:dcafc12c30dbaf1e2af0490978352e0c4041a7cde31f4f81435c2a5e8b9cabb6",
                "sha256:ee44d0f85b803321710f9239f335aafe16553b39106384cef8e6de40cb4ef2f6",
                "sha256:f66a6bbe741bd431f6d741e617e0f39ec7257ca1f89089593479347cc4d13324"
            ],
            "markers": "python_version >= '3.8'",
            "version": "==0.4.1"
        },
        "regex": {
            "hashes": [
                "sha256:0472acc4b6319801c1bc681d838c88ba1446f9ae199e01f6e41091c701fb3d42",
                "sha256:16709434c4e2332ee8ba26ae339aceb8ab0b24b8398ebd0f52ebc943f45c4fc2",
                "sha256:223fb63ec8dcab20b3318e93dcec4aee89e98b062934090bf29ffc374d2000a2",
                "sha256:23c3ebf05d1cd3adb26723fd598e75724e0cdb7d6a35185ac0caf061cc6edb49",
                "sha256:2404a50fb48badaf214b700f08822b68d93d79200e0aefd9569d0332d21fbfcb",
                "sha256:2af3a7a16fed6eff85c25da106effa36f61cbbe801d00ade349b53ce7619eb15",
                "sha256:37e018d3746baf159aedfc9773c3cafacbd10d354ba15484f5cfc8ed9da5748b",
                "sha256:3c9c2988d02a9238a1975c70e87c6ce94e6f36dd8e372b66f468990cfe077434",
                "sha256:47298bc8b89d1c747f0f5974aa528fc0b6b17396f1694136a224d51461279d83",
                "sha256:4eeb0fe936797ae00a085f99802642bfc722b3b4ea557e9e7849cb621ea10c91",
                "sha256:6881be0218b47ed76db033f252bab3f912dfe7ed1fe7baa9daebf51de08546a0",
                "sha256:7ac08cee5055f548eed3889e9aaef15fd00172d037949496f1f0b34acb8a7c3e",
                "sha256:7c5e2efcf079c35ff266c3f3a6708834f88f9fd04a3c16b855e036b2b7b1b543",
                "sha256:8355eaa64724a0fdb010a1654b77cb3e375dc08b7f592cc4a1c05ac606aa481c",
                "sha256:999a885f7f5194464238ad5d74b05982acee54002f3aa775d8e0e8c5fb74c06c",
                "sha256:9fd2f4813eaa3e421e82819d38e5b634d900faff7ae5a80cd89ccff407175e69",
                "sha256:a2e1e53df7dd27943da2b512895125b33fb20f81862c9fed7b3bab2a1de684d1",
                "sha256:ab43bc0836820b7900dfffc025b996784aec26ec87dc1df4f95a40398760223f",
                "sha256:ba449b56fa419fb19bf2a2438adbd2433f27087a6fe115917eaf9cfca684d5b6",
                "sha256:d3f632cefad2cf247bd845794002585e3772288bfcb0dbac59fdecd32cd38b67",
                "sha256:d51311496061863caae2cfe120cf1ef37900019b86c89c2d75f0918e0b4b8bf3"
            ],
            "version": "==2019.12.19"
        },
        "toml": {
            "hashes": [
                "sha256:229f81c57791a41d65e399fc06bf0848bab550a9dfd5ed66df18ce5f05e73d5c",
                "sha256:235682dd292d5899d361a811df37e04a8828a5b1da3115886b73cf81ebc9100e"
            ],
            "version": "==0.10.0"
        },
        "tomli": {
            "hashes": [
                "sha256:0408e3de5ec77cc7f81960c362543cbbd91ef883e3138e81b729fc3eea5b9729",
                "sha256:0dc56fef0e2c1c470aeac5b6ca8cc7b640bb93e92d9803ddaf9ea03e198f5b0b",
                "sha256:0e0fe8a0b8312acf3a88077a0802565cb09ee34107813bba1c7cd591fa6cfc8d",
                "sha256:0f2e3955efea4d1cfbcb87bc321e00dc08d2bcb737fd1d5e398af111d86db5df",
                "sha256:133e93646ec4300d651839d382d63edff11d8978be23da4cc106f5a18b7d0576",
                "sha256:1b168f2731796b045128c45982d3a4874057626da0e2ef1fdd722848b741361d",
                "sha256:1c8a885b370751837c029ef9bc014f27d80840e48bac415f3412e6593bbc18c1",
                "sha256:1f776e7d669ebceb01dee46484485f43a4048746235e683bcdffacdf1fb4785a",
                "sha256:1fb2945cbe303b1419e2706e711b7113da57b7db31ee378d08712d678a34e51e",
                "sha256:20cedb4ee43278bc4f2fee6cb50daec836959aadaf948db5172e776dd3d993fc",
                "sha256:20ffd184fb1df76a66e34bd1b36b4a4641bd2b82954befa32fe8163e79f1a702",
                "sha256:26ab906a1eb794cd4e103691daa23d95c6919cc2fa9160000ac02370cc9dd3f6",
                "sha256:2add28aacc7425117ff6364fe9e06a183bb0251b03f986df0e78e974047571fd",
                "sha256:2b1e3b80e1d5e52e40e9b924ec43d81570f0e7d09d11081b797bc4692765a3d4",
                "sha256:31d556d079d72db7c584c0627ff3a24c5d3fb4f730221d3444f3efb1b2514776",
                "sha256:36b9d05b51e65b254ea6c2585b59d2c4cb91c8a3d91d0ed0f17591a29aaea54a",
                "sha256:39b0b5d1b6dd03684b3fb276407ebed7090bbec989fa55838c98560c01113b66",
                "sha256:3cf226acb51d8f1c394c1b310e0e0e61fecdd7adcb78d01e294ac297dd2e7f87",
                "sha256:3d895d56bd3f82ddd6faaff993c275efc2ff38e52322ea264122d72729dca2b2",
                "sha256:413540dce94673591859c4c6f794dfeaa845e98bf35d72ed59636f869ef9f86f",
                "sha256:43e685b9b2341681907759cf3a04e14d7104b3580f808cfde1dfdb60ada85475",
                "sha256:4cbcb367d44a1f0c2be408758b43e1ffb5308abe0ea222897d6bfc8e8281ef2f",
                "sha256:551e321c6ba03b55676970b47cb1b73f14a0a4dce6a3e1a9458fd6d921d72e95",
                "sha256:5572e41282d5268eb09a697c89a7bee84fae66511f87533a6f88bd2f7b652da9",
                "sha256:5aa48d7c2356055feef06a43611fc401a07337d5b006be13a30f6c58f869e3c3",
                "sha256:5b5807f3999fb66776dbce568cc9a828544244a8eb84b84b9bafc080c99597b9",
                "sha256:5e3f639a7a8f10069d0e15408c0b96a2a828cfdec6fca05296ebcdcc28ca7c76",
                "sha256:685306e2cc7da35be4ee914fd34ab801a6acacb061b6a7abca922aaf9ad368da",
                "sha256:75c2f8bbddf170e8effc98f5e9084a8751f8174ea6ccf4fca5398436e0320bc8",
                "sha256:7b438885858efd5be02a9a133caf5812b8776ee0c969fea02c45e8e3f296ba51",
                "sha256:7d49c66a7d5e56ac959cb6fc583aff0651094ec071ba9ad43df785abc2320d86",
                "sha256:7d6d9a4aee98fac3eab4952ad1d73aee87359452d1c086b5ceb43ed02ddb16b8",
                "sha256:84d081fbc252d1b6a982e1870660e7330fb8f90f676f6e78b052ad4e64714bf0",
                "sha256:8768715ffc41f0008abe25d808c20c3d990f42b6e2e58305d5da280ae7d1fa3b",
                "sha256:920b1de295e72887bafa3ad9f7a792f811847d57ea6b1215154030cf131f16b1",
                "sha256:9a08144fa4cba33db5255f9b74f0b89888622109bd2776148f2597447f92a94e",
                "sha256:a26d7ff68dfdb9f87a016ecfd1e1c2bacbe3108f4e0f8bcd2228ef9a766c787d",
                "sha256:aa89c3f6c277dd275d8e243ad24f3b5e701491a860d5121f2cdd399fbb31fc9c",
                "sha256:b5ef256a3fd497d4973c11bf142e9ed78b150d36f5773f1ca6088c230ffc5867",
                "sha256:b6c78bdf37764092d369722d9946cb65b8767bfa4110f902a1b2542d8d173c8a",
                "sha256:bbb1b10aa643d973366dc2cb1ad94f99c1726a02343d43cbc011edbfac579e7c",
                "sha256:c084ad935abe686bd9c898e62a02a19abfc9760b5a79bc29644463eaf2840cb0",
                "sha256:c73add4bb52a206fd0c0723432db123c0c75c280cbd67174dd9d2db228ebb1b4",
                "sha256:cae9c19ed12d4e8f3ebf46d1a75090e4c0dc16271c5bce1c833ac168f08fb614",
                "sha256:d20b797a5c1ad80c516e41bc1fb0443ddb5006e9aaa7bda2d71978346aeb9132",
                "sha256:d3d1654e11d724760cdb37a3d7691f0be9db5fbdaef59c9f532aabf87006dbaa",
                "sha256:d878f2a6707cc9d53a1be1414bbb419e629c3d6e67f69230217bb663e76b5087"
            ],
            "markers": "python_version >= '3.8'",
            "version": "==2.4.0"
        },
        "typed-ast": {
            "hashes": [
                "sha256:1170afa46a3799e18b4c977777ce137bb53c7485379d9706af8a59f2ea1aa161",
                "sha256:18511a0b3e7922276346bcb47e2ef9f38fb90fd31cb9223eed42c85d1312344e",
                "sha256:262c247a82d005e43b5b7f69aff746370538e176131c32dda9cb0f324d27141e",
                "sha256:2b907eb046d049bcd9892e3076c7a6456c93a25bebfe554e931620c90e6a25b0",
                "sha256:354c16e5babd09f5cb0ee000d54cfa38401d8b8891eefa878ac772f827181a3c",
                "sha256:48e5b1e71f25cfdef98b013263a88d7145879fbb2d5185f2a0c79fa7ebbeae47",
                "sha256:4e0b70c6fc4d010f8107726af5fd37921b666f5b31d9331f0bd24ad9a088e631",
                "sha256:630968c5cdee51a11c05a30453f8cd65e0cc1d2ad0d9192819df9978984529f4",
                "sha256:66480f95b8167c9c5c5c87f32cf437d585937970f3fc24386f313a4c97b44e34",
                "sha256:71211d26ffd12d63a83e079ff258ac9d56a1376a25bc80b1cdcdf601b855b90b",
                "sha256:7954560051331d003b4e2b3eb822d9dd2e376fa4f6d98fee32f452f52dd6ebb2",
                "sha256:838997f4310012cf2e1ad3803bce2f3402e9ffb71ded61b5ee22617b3a7f6b6e",
                "sha256:95bd11af7eafc16e829af2d3df510cecfd4387f6453355188342c3e79a2ec87a",
                "sha256:bc6c7d3fa1325a0c6613512a093bc2a2a15aeec350451cbdf9e1d4bffe3e3233",
                "sha256:cc34a6f5b426748a507dd5d1de4c1978f2eb5626d51326e43280941206c209e1",
                "sha256:d755f03c1e4a51e9b24d899561fec4ccaf51f210d52abdf8c07ee2849b212a36",
                "sha256:d7c45933b1bdfaf9f36c579671fec15d25b06c8398f113dab64c18ed1adda01d",
                "sha256:d896919306dd0aa22d0132f62a1b78d11aaf4c9fc5b3410d3c666b818191630a",
                "sha256:fdc1c9bbf79510b76408840e009ed65958feba92a88833cdceecff93ae8fff66",
                "sha256:ffde2fbfad571af120fcbfbbc61c72469e72f550d676c3342492a9dfdefb8f12"
            ],
            "version": "==1.4.0"
        },
        "typing-extensions": {
            "hashes": [
                "sha256:0cea48d173cc12fa28ecabc3b837ea3cf6f38c6d1136f85cbaaf598984861466",
                "sha256:f0fa19c6845758ab08074a0cfa8b7aecb71c999ca73d62883bc25cc018c4e548"
            ],
            "markers": "python_version >= '3.9'",
            "version": "==4.15.0"
        }
    },
    "develop": {
        "appdirs": {
            "hashes": [
                "sha256:9e5896d1372858f8dd3344faf4e5014d21849c756c8d5701f78f8a103b372d92",
                "sha256:d8b24664561d0d34ddfaec54636d502d7cea6e29c3eaf68f3df6180863e2166e"
            ],
            "version": "==1.4.3"
        },
        "astroid": {
            "hashes": [
                "sha256:71ea07f44df9568a75d0f354c49143a4575d90645e9fead6dfb52c26a85ed13a",
                "sha256:840947ebfa8b58f318d42301cf8c0a20fd794a33b61cc4638e28e9e61ba32f42"
            ],
            "version": "==2.3.3"
        },
        "attrs": {
            "hashes": [
                "sha256:08a96c641c3a74e44eb59afb61a24f2cb9f4d7188748e76ba4bb5edfa3cb7d1c",
                "sha256:f7b7ce16570fe9965acd6d30101a28f62fb4a7f9e926b3bbc9b61f8b04247e72"
            ],
            "version": "==19.3.0"
        },
        "black": {
            "hashes": [
                "sha256:1b30e59be925fafc1ee4565e5e08abef6b03fe455102883820fe5ee2e4734e0b",
                "sha256:c2edb73a08e9e0e6f65a0e6af18b059b8b1cdd5bef997d7a0b181df93dc81539"
            ],
            "index": "pypi",
            "version": "==19.10b0"
        },
        "click": {
            "hashes": [
                "sha256:2335065e6395b9e67ca716de5f7526736bfa6ceead690adf616d925bdc622b13",
                "sha256:5b94b49521f6456670fdb30cd82a4eca9412788a93fa6dd6df72c94d5a8ff2d7"
            ],
            "version": "==7.0"
        },
        "isort": {
            "hashes": [
                "sha256:54da7e92468955c4fceacd0c86bd0ec997b0e1ee80d97f67c35a78b719dccab1",
                "sha256:6e811fcb295968434526407adb8796944f1988c5b65e8139058f2014cbe100fd"
            ],
            "version": "==4.3.21"
        },
        "lazy-object-proxy": {
            "hashes": [
                "sha256:0c4b206227a8097f05c4dbdd323c50edf81f15db3b8dc064d08c62d37e1a504d",
                "sha256:194d092e6f246b906e8f70884e620e459fc54db3259e60cf69a4d66c3fda3449",
                "sha256:1be7e4c9f96948003609aa6c974ae59830a6baecc5376c25c92d7d697e684c08",
                "sha256:4677f594e474c91da97f489fea5b7daa17b5517190899cf213697e48d3902f5a",
                "sha256:48dab84ebd4831077b150572aec802f303117c8cc5c871e182447281ebf3ac50",
                "sha256:5541cada25cd173702dbd99f8e22434105456314462326f06dba3e180f203dfd",
                "sha256:59f79fef100b09564bc2df42ea2d8d21a64fdcda64979c0fa3db7bdaabaf6239",
                "sha256:8d859b89baf8ef7f8bc6b00aa20316483d67f0b1cbf422f5b4dc56701c8f2ffb",
                "sha256:9254f4358b9b541e3441b007a0ea0764b9d056afdeafc1a5569eee1cc6c1b9ea",
                "sha256:9651375199045a358eb6741df3e02a651e0330be090b3bc79f6d0de31a80ec3e",
                "sha256:97bb5884f6f1cdce0099f86b907aa41c970c3c672ac8b9c8352789e103cf3156",
                "sha256:9b15f3f4c0f35727d3a0fba4b770b3c4ebbb1fa907dbcc046a1d2799f3edd142",
                "sha256:a2238e9d1bb71a56cd710611a1614d1194dc10a175c1e08d75e1a7bcc250d442",
                "sha256:a6ae12d08c0bf9909ce12385803a543bfe99b95fe01e752536a60af2b7797c62",
                "sha256:ca0a928a3ddbc5725be2dd1cf895ec0a254798915fb3a36af0964a0a4149e3db",
                "sha256:cb2c7c57005a6804ab66f106ceb8482da55f5314b7fcb06551db1edae4ad1531",
                "sha256:d74bb8693bf9cf75ac3b47a54d716bbb1a92648d5f781fc799347cfc95952383",
                "sha256:d945239a5639b3ff35b70a88c5f2f491913eb94871780ebfabb2568bd58afc5a",
                "sha256:eba7011090323c1dadf18b3b689845fd96a61ba0a1dfbd7f24b921398affc357",
                "sha256:efa1909120ce98bbb3777e8b6f92237f5d5c8ea6758efea36a473e1d38f7d3e4",
                "sha256:f3900e8a5de27447acbf900b4750b0ddfd7ec1ea7fbaf11dfa911141bc522af0"
            ],
            "version": "==1.4.3"
        },
        "mccabe": {
            "hashes": [
                "sha256:ab8a6258860da4b6677da4bd2fe5dc2c659cff31b3ee4f7f5d64e79735b80d42",
                "sha256:dd8d182285a0fe56bace7f45b5e7d1a6ebcbf524e8f3bd87eb0f125271b8831f"
            ],
            "version": "==0.6.1"
        },
        "mypy": {
            "hashes": [
                "sha256:0308c35fd16c96a81b8dfc4d09ec63b8fa607cfec087acf5aafb44c2c45197de",
                "sha256:39f7be2f89668d21b2bbab45ce5aa15e69bf8d6f3b46f9e1cc1a88e4fcc84f3d",
                "sha256:4223f576813c79a10d0fd14192c86f1b85e3bd235c93792f22ed811a20b5ee4e",
                "sha256:4c8f812a2fbefa96185933fbe05aa035e9cf791cf3a23bbdb6a219c80b60e0b1",
                "sha256:4ea9ee847ea5bb38ea275441f3aea7eeba1b96187a3f968ee359d33d9dcc0eda",
                "sha256:573c68df69f0e399fa57866a0b72989acf0a56c4008eee59c789c2ca5ea9df03",
                "sha256:588c0e38466306aa7dbe6522ceacf37dde8b13cfa5edde90be2ce382f078875f",
                "sha256:6d1bd2e675823a19e6bf72149540ab9851bfe698b796aea698fb926ab2bedd02",
                "sha256:aa8e3bd1540dd5c39ef580ec2146a9c99c45f7c62af890095fec9e87b5ca19fb",
                "sha256:b978ba1ea90d0abe2fc720ec9a41824b7d3a1304569bd58c9038d8d61dc4dfdb",
                "sha256:c85c5367c2e8247e06cc0aba84e3633e90f48e8a0677bc51b351e138b5ff80b1",
                "sha256:ce69577b424058bfa177df27213869f37c1e964c3e1ebd3b3d54f1d10b234c4d",
                "sha256:ec6eaf98a57624d96d9916352a5bad2d73959f6358fabf43838f7d1a4d2f8389"
            ],
            "index": "pypi",
            "version": "==0.760"
        },
        "mypy-extensions": {
            "hashes": [
                "sha256:090fedd75945a69ae91ce1303b5824f428daf5a028d2f6ab8a299250a846f15d",
                "sha256:2d82818f5bb3e369420cb3c4060a7970edba416647068eb4c5343488a6c604a8"
            ],
            "version": "==0.4.3"
        },
        "pathspec": {
            "hashes": [
                "sha256:e285ccc8b0785beadd4c18e5708b12bb8fcf529a1e61215b3feff1d1e559ea5c"
            ],
            "version": "==0.6.0"
        },
        "pylint": {
            "hashes": [
                "sha256:3db5468ad013380e987410a8d6956226963aed94ecb5f9d3a28acca6d9ac36cd",
                "sha256:886e6afc935ea2590b462664b161ca9a5e40168ea99e5300935f6591ad467df4"
            ],
            "index": "pypi",
            "version": "==2.4.4"
        },
        "regex": {
            "hashes": [
                "sha256:0472acc4b6319801c1bc681d838c88ba1446f9ae199e01f6e41091c701fb3d42",
                "sha256:16709434c4e2332ee8ba26ae339aceb8ab0b24b8398ebd0f52ebc943f45c4fc2",
                "sha256:223fb63ec8dcab20b3318e93dcec4aee89e98b062934090bf29ffc374d2000a2",
                "sha256:23c3ebf05d1cd3adb26723fd598e75724e0cdb7d6a35185ac0caf061cc6edb49",
                "sha256:2404a50fb48badaf214b700f08822b68d93d79200e0aefd9569d0332d21fbfcb",
                "sha256:2af3a7a16fed6eff85c25da106effa36f61cbbe801d00ade349b53ce7619eb15",
                "sha256:37e018d3746baf159aedfc9773c3cafacbd10d354ba15484f5cfc8ed9da5748b",
                "sha256:3c9c2988d02a9238a1975c70e87c6ce94e6f36dd8e372b66f468990cfe077434",
                "sha256:47298bc8b89d1c747f0f5974aa528fc0b6b17396f1694136a224d51461279d83",
                "sha256:4eeb0fe936797ae00a085f99802642bfc722b3b4ea557e9e7849cb621ea10c91",
                "sha256:6881be0218b47ed76db033f252bab3f912dfe7ed1fe7baa9daebf51de08546a0",
                "sha256:7ac08cee5055f548eed3889e9aaef15fd00172d037949496f1f0b34acb8a7c3e",
                "sha256:7c5e2efcf079c35ff266c3f3a6708834f88f9fd04a3c16b855e036b2b7b1b543",
                "sha256:8355eaa64724a0fdb010a1654b77cb3e375dc08b7f592cc4a1c05ac606aa481c",
                "sha256:999a885f7f5194464238ad5d74b05982acee54002f3aa775d8e0e8c5fb74c06c",
                "sha256:9fd2f4813eaa3e421e82819d38e5b634d900faff7ae5a80cd89ccff407175e69",
                "sha256:a2e1e53df7dd27943da2b512895125b33fb20f81862c9fed7b3bab2a1de684d1",
                "sha256:ab43bc0836820b7900dfffc025b996784aec26ec87dc1df4f95a40398760223f",
                "sha256:ba449b56fa419fb19bf2a2438adbd2433f27087a6fe115917eaf9cfca684d5b6",
                "sha256:d3f632cefad2cf247bd845794002585e3772288bfcb0dbac59fdecd32cd38b67",
                "sha256:d51311496061863caae2cfe120cf1ef37900019b86c89c2d75f0918e0b4b8bf3"
            ],
            "version": "==2019.12.19"
        },
        "six": {
            "hashes": [
                "sha256:1f1b7d42e254082a9db6279deae68afb421ceba6158efa6131de7b3003ee93fd",
                "sha256:30f610279e8b2578cab6db20741130331735c781b56053c59c4076da27f06b66"
            ],
            "version": "==1.13.0"
        },
        "toml": {
            "hashes": [
                "sha256:229f81c57791a41d65e399fc06bf0848bab550a9dfd5ed66df18ce5f05e73d5c",
                "sha256:235682dd292d5899d361a811df37e04a8828a5b1da3115886b73cf81ebc9100e"
            ],
            "version": "==0.10.0"
        },
        "typed-ast": {
            "hashes": [
                "sha256:1170afa46a3799e18b4c977777ce137bb53c7485379d9706af8a59f2ea1aa161",
                "sha256:18511a0b3e7922276346bcb47e2ef9f38fb90fd31cb9223eed42c85d1312344e",
                "sha256:262c247a82d005e43b5b7f69aff746370538e176131c32dda9cb0f324d27141e",
                "sha256:2b907eb046d049bcd9892e3076c7a6456c93a25bebfe554e931620c90e6a25b0",
                "sha256:354c16e5babd09f5cb0ee000d54cfa38401d8b8891eefa878ac772f827181a3c",
                "sha256:48e5b1e71f25cfdef98b013263a88d7145879fbb2d5185f2a0c79fa7ebbeae47",
                "sha256:4e0b70c6fc4d010f8107726af5fd37921b666f5b31d9331f0bd24ad9a088e631",
                "sha256:630968c5cdee51a11c05a30453f8cd65e0cc1d2ad0d9192819df9978984529f4",
                "sha256:66480f95b8167c9c5c5c87f32cf437d585937970f3fc24386f313a4c97b44e34",
                "sha256:71211d26ffd12d63a83e079ff258ac9d56a1376a25bc80b1cdcdf601b855b90b",
                "sha256:7954560051331d003b4e2b3eb822d9dd2e376fa4f6d98fee32f452f52dd6ebb2",
                "sha256:838997f4310012cf2e1ad3803bce2f3402e9ffb71ded61b5ee22617b3a7f6b6e",
                "sha256:95bd11af7eafc16e829af2d3df510cecfd4387f6453355188342c3e79a2ec87a",
                "sha256:bc6c7d3fa1325a0c6613512a093bc2a2a15aeec350451cbdf9e1d4bffe3e3233",
                "sha256:cc34a6f5b426748a507dd5d1de4c1978f2eb5626d51326e43280941206c209e1",
                "sha256:d755f03c1e4a51e9b24d899561fec4ccaf51f210d52abdf8c07ee2849b212a36",
                "sha256:d7c45933b1bdfaf9f36c579671fec15d25b06c8398f113dab64c18ed1adda01d",
                "sha256:d896919306dd0aa22d0132f62a1b78d11aaf4c9fc5b3410d3c666b818191630a",
                "sha256:fdc1c9bbf79510b76408840e009ed65958feba92a88833cdceecff93ae8fff66",
                "sha256:ffde2fbfad571af120fcbfbbc61c72469e72f550d676c3342492a9dfdefb8f12"
            ],
            "version": "==1.4.0"
        },
        "typing-extensions": {
            "hashes": [
                "sha256:091ecc894d5e908ac75209f10d5b4f118fbdb2eb1ede6a63544054bb1edb41f2",
                "sha256:910f4656f54de5993ad9304959ce9bb903f90aadc7c67a0bef07e678014e892d",
                "sha256:cf8b63fedea4d89bab840ecbb93e75578af28f76f66c35889bd7065f5af88575"
            ],
            "version": "==3.7.4.1"
        },
        "wrapt": {
            "hashes": [
                "sha256:565a021fd19419476b9362b05eeaa094178de64f8361e44468f9e9d7843901e1"
            ],
            "version": "==1.11.2"
        }
    }
}
